// !$*UTF8*$!
{
	archiveVersion = 1;
	classes = {};
	objectVersion = 56;
	objects = {
		0CEB9DF8E5A1FDFDFC8E58E2 = { isa = PBXFileReference; lastKnownFileType = sourcecode.c.objc; path = main.m; sourceTree = "<group>"; };
		238E44DFD85D9A66DA1E7B66 = { isa = PBXFileReference; lastKnownFileType = sourcecode.c.objc; path = UFAudioEngine.m; sourceTree = "<group>"; };
		816912FBEBEFF83802B2008F = { isa = PBXFileReference; lastKnownFileType = sourcecode.c.h; path = UFAudioEngine.h; sourceTree = "<group>"; };
		B7C70E07587146B0A12FFD38 = { isa = PBXFileReference; lastKnownFileType = sourcecode.c.c; path = UFEQ.c; sourceTree = "<group>"; };
		61F286D9ED44881A3909676C = { isa = PBXFileReference; lastKnownFileType = sourcecode.c.h; path = UFEQ.h; sourceTree = "<group>"; };
		8FBD64804174849819D4D34E = { isa = PBXFileReference; lastKnownFileType = sourcecode.c.c; path = UFRing.c; sourceTree = "<group>"; };
		4E1C2F83028167627560379C = { isa = PBXFileReference; lastKnownFileType = sourcecode.c.h; path = UFRing.h; sourceTree = "<group>"; };
		4BD76F4FC3188728694AC660 = { isa = PBXFileReference; lastKnownFileType = sourcecode.c.h; path = UFPresets.h; sourceTree = "<group>"; };
		16A8C8D970FE2EA33BAC6AFF = { isa = PBXBuildFile; fileRef = 0CEB9DF8E5A1FDFDFC8E58E2; settings = { COMPILER_FLAGS = "-std=gnu11"; }; };
		A9ABC999D273A898C7E85FF9 = { isa = PBXBuildFile; fileRef = 238E44DFD85D9A66DA1E7B66; settings = { COMPILER_FLAGS = "-std=gnu11"; }; };
		3024F5A47D9DB2F80CF38D37 = { isa = PBXBuildFile; fileRef = B7C70E07587146B0A12FFD38; };
		2F07983DCCD9EA99976D008B = { isa = PBXBuildFile; fileRef = 8FBD64804174849819D4D34E; };
		3F5BFB704BC3CCBC89207132 = { isa = PBXFileReference; lastKnownFileType = wrapper.framework; name = AppKit.framework; path = System/Library/Frameworks/AppKit.framework; sourceTree = SDKROOT; };
		72349D733E06DD35794C6CCD = { isa = PBXBuildFile; fileRef = 3F5BFB704BC3CCBC89207132; };
		ECB7F2F190B41ADA40142768 = { isa = PBXFileReference; lastKnownFileType = wrapper.framework; name = Foundation.framework; path = System/Library/Frameworks/Foundation.framework; sourceTree = SDKROOT; };
		3A8FC208A4E62D35233704D4 = { isa = PBXBuildFile; fileRef = ECB7F2F190B41ADA40142768; };
		450803A49D0A19A8C7D7D32D = { isa = PBXFileReference; lastKnownFileType = wrapper.framework; name = CoreAudio.framework; path = System/Library/Frameworks/CoreAudio.framework; sourceTree = SDKROOT; };
		8F35E4143920291D266A64A8 = { isa = PBXBuildFile; fileRef = 450803A49D0A19A8C7D7D32D; };
		355F9A84C4F562E27457211F = { isa = PBXFileReference; lastKnownFileType = wrapper.framework; name = AudioToolbox.framework; path = System/Library/Frameworks/AudioToolbox.framework; sourceTree = SDKROOT; };
		F159A5AA8BB9D0090B55E8F9 = { isa = PBXBuildFile; fileRef = 355F9A84C4F562E27457211F; };
		DCA32AAC92A72A5A3D09B161 = { isa = PBXFileReference; lastKnownFileType = wrapper.framework; name = AudioUnit.framework; path = System/Library/Frameworks/AudioUnit.framework; sourceTree = SDKROOT; };
		F667BD6D4F1B61FD08D78AA1 = { isa = PBXBuildFile; fileRef = DCA32AAC92A72A5A3D09B161; };
		10250F3BB334E22C391529A6 = { isa = PBXFileReference; lastKnownFileType = text.plist.xml; path = Info.plist; sourceTree = "<group>"; };
		BFFBCDE304D6D825C0597471 = { isa = PBXFileReference; explicitFileType = wrapper.application; includeInIndex = 0; path = UltraFineTune.app; sourceTree = BUILT_PRODUCTS_DIR; };
		F532915B062A13FB14636D20 = { isa = PBXGroup; children = (0CEB9DF8E5A1FDFDFC8E58E2, 238E44DFD85D9A66DA1E7B66, 816912FBEBEFF83802B2008F, B7C70E07587146B0A12FFD38, 61F286D9ED44881A3909676C, 8FBD64804174849819D4D34E, 4E1C2F83028167627560379C, 4BD76F4FC3188728694AC660,); path = Sources; sourceTree = "<group>"; };
		3ACB8741D2AA209BFC48B75A = { isa = PBXGroup; children = (3F5BFB704BC3CCBC89207132, ECB7F2F190B41ADA40142768, 450803A49D0A19A8C7D7D32D, 355F9A84C4F562E27457211F, DCA32AAC92A72A5A3D09B161,); name = Frameworks; sourceTree = "<group>"; };
		3F0C268192F5A6A83C9D84BE = { isa = PBXGroup; children = (BFFBCDE304D6D825C0597471,); name = Products; sourceTree = "<group>"; };
		FDE1592BB153AB947384D36C = { isa = PBXGroup; children = (F532915B062A13FB14636D20, 10250F3BB334E22C391529A6, 3ACB8741D2AA209BFC48B75A, 3F0C268192F5A6A83C9D84BE,); sourceTree = "<group>"; };
		22242BF7DA765074C17CD9C7 = { isa = PBXSourcesBuildPhase; buildActionMask = 2147483647; files = (16A8C8D970FE2EA33BAC6AFF, A9ABC999D273A898C7E85FF9, 3024F5A47D9DB2F80CF38D37, 2F07983DCCD9EA99976D008B,); runOnlyForDeploymentPostprocessing = 0; };
		BEC371D264F1F35003C120DF = { isa = PBXFrameworksBuildPhase; buildActionMask = 2147483647; files = (72349D733E06DD35794C6CCD, 3A8FC208A4E62D35233704D4, 8F35E4143920291D266A64A8, F159A5AA8BB9D0090B55E8F9, F667BD6D4F1B61FD08D78AA1,); runOnlyForDeploymentPostprocessing = 0; };
		1CE0A75CC011C537E0B78970 = { isa = PBXResourcesBuildPhase; buildActionMask = 2147483647; files = (); runOnlyForDeploymentPostprocessing = 0; };
		13E97BD5D77DB2E9496FFF12 = { isa = PBXNativeTarget; buildConfigurationList = 36ACAF06F8E395C340B372BC; buildPhases = (22242BF7DA765074C17CD9C7, BEC371D264F1F35003C120DF, 1CE0A75CC011C537E0B78970,); buildRules = (); dependencies = (); name = UltraFineTune; productName = UltraFineTune; productReference = BFFBCDE304D6D825C0597471; productType = "com.apple.product-type.application"; };
		4DF6B45C3DA5C80D0E241FF3 = { isa = PBXProject; attributes = { LastUpgradeCheck = 1600; TargetAttributes = { 13E97BD5D77DB2E9496FFF12 = { ProvisioningStyle = Manual; }; }; }; buildConfigurationList = 9E49E7FA5ABBDF5AF34F5669; compatibilityVersion = "Xcode 14.0"; developmentRegion = en; hasScannedForEncodings = 0; knownRegions = (en, Base); mainGroup = FDE1592BB153AB947384D36C; productRefGroup = 3F0C268192F5A6A83C9D84BE; projectDirPath = ""; projectRoot = ""; targets = (13E97BD5D77DB2E9496FFF12,); };
		22A2EADBCC935DD8ABF92344 = { isa = XCBuildConfiguration; buildSettings = { ALWAYS_SEARCH_USER_PATHS = NO; ARCHS = arm64; ONLY_ACTIVE_ARCH = NO; SDKROOT = macosx; MACOSX_DEPLOYMENT_TARGET = 14.2; CLANG_ENABLE_OBJC_ARC = YES; GCC_C_LANGUAGE_STANDARD = c11; GCC_TREAT_WARNINGS_AS_ERRORS = YES; OTHER_CFLAGS = ("$(inherited)", "-Wall", "-Wextra", "-ffp-contract=off", "-fblocks", "-Werror=unguarded-availability-new"); GCC_OPTIMIZATION_LEVEL = 0; DEBUG_INFORMATION_FORMAT = dwarf; }; name = Debug; };
		4368868528012913A13EA309 = { isa = XCBuildConfiguration; buildSettings = { PRODUCT_NAME = UltraFineTune; PRODUCT_BUNDLE_IDENTIFIER = local.ultrafinetune.app; INFOPLIST_FILE = Info.plist; GENERATE_INFOPLIST_FILE = NO; INFOPLIST_EXPAND_BUILD_SETTINGS = NO; HEADER_SEARCH_PATHS = "$(SRCROOT)/Sources"; SKIP_INSTALL = NO; INSTALL_PATH = "$(LOCAL_APPS_DIR)"; ENABLE_HARDENED_RUNTIME = YES; ENABLE_APP_SANDBOX = NO; ENABLE_RESOURCE_ACCESS_AUDIO_INPUT = NO; CODE_SIGN_INJECT_BASE_ENTITLEMENTS = NO; CODE_SIGN_STYLE = Manual; DEVELOPMENT_TEAM = 6668UMZH3Y; CODE_SIGN_IDENTITY = "-"; OTHER_CODE_SIGN_FLAGS = "--timestamp=none"; COMBINE_HIDPI_IMAGES = YES; LD_RUNPATH_SEARCH_PATHS = "$(inherited) @executable_path/../Frameworks"; }; name = Debug; };
		8E89B0163F30D5CCAFACE188 = { isa = XCBuildConfiguration; buildSettings = { ALWAYS_SEARCH_USER_PATHS = NO; ARCHS = arm64; ONLY_ACTIVE_ARCH = NO; SDKROOT = macosx; MACOSX_DEPLOYMENT_TARGET = 14.2; CLANG_ENABLE_OBJC_ARC = YES; GCC_C_LANGUAGE_STANDARD = c11; GCC_TREAT_WARNINGS_AS_ERRORS = YES; OTHER_CFLAGS = ("$(inherited)", "-Wall", "-Wextra", "-ffp-contract=off", "-fblocks", "-Werror=unguarded-availability-new"); GCC_OPTIMIZATION_LEVEL = 2; DEBUG_INFORMATION_FORMAT = "dwarf-with-dsym"; }; name = Release; };
		BC09518346BFB64045604528 = { isa = XCBuildConfiguration; buildSettings = { PRODUCT_NAME = UltraFineTune; PRODUCT_BUNDLE_IDENTIFIER = local.ultrafinetune.app; INFOPLIST_FILE = Info.plist; GENERATE_INFOPLIST_FILE = NO; INFOPLIST_EXPAND_BUILD_SETTINGS = NO; HEADER_SEARCH_PATHS = "$(SRCROOT)/Sources"; SKIP_INSTALL = NO; INSTALL_PATH = "$(LOCAL_APPS_DIR)"; ENABLE_HARDENED_RUNTIME = YES; ENABLE_APP_SANDBOX = NO; ENABLE_RESOURCE_ACCESS_AUDIO_INPUT = NO; CODE_SIGN_INJECT_BASE_ENTITLEMENTS = NO; CODE_SIGN_STYLE = Manual; DEVELOPMENT_TEAM = 6668UMZH3Y; CODE_SIGN_IDENTITY = "Developer ID Application"; OTHER_CODE_SIGN_FLAGS = "--timestamp"; COMBINE_HIDPI_IMAGES = YES; LD_RUNPATH_SEARCH_PATHS = "$(inherited) @executable_path/../Frameworks"; }; name = Release; };
		9E49E7FA5ABBDF5AF34F5669 = { isa = XCConfigurationList; buildConfigurations = (22A2EADBCC935DD8ABF92344, 8E89B0163F30D5CCAFACE188,); defaultConfigurationIsVisible = 0; defaultConfigurationName = Release; };
		36ACAF06F8E395C340B372BC = { isa = XCConfigurationList; buildConfigurations = (4368868528012913A13EA309, BC09518346BFB64045604528,); defaultConfigurationIsVisible = 0; defaultConfigurationName = Release; };
	};
	rootObject = 4DF6B45C3DA5C80D0E241FF3;
}
